
Microsoft Visual Studio Solution File, Format Version 12.00
# Visual Studio 14
VisualStudioVersion = 14.0.23107.0
MinimumVisualStudioVersion = 10.0.40219.1
Project("{FAE04EC0-301F-11D3-BF4B-00C04F79EFBC}") = "SportsStore.Domain", "SportsStore.Domain\SportsStore.Domain.csproj", "{5D625F71-5075-4CC5-9426-10DE6F901EF6}"
EndProject
Project("{FAE04EC0-301F-11D3-BF4B-00C04F79EFBC}") = "SportsStore.WebUI", "SportsStore.WebUI\SportsStore.WebUI.csproj", "{9F1B48DC-8A41-4BC0-BE80-4E43855C071F}"
EndProject
Project("{FAE04EC0-301F-11D3-BF4B-00C04F79EFBC}") = "SportsStore.UnitTests", "SportsStore.UnitTests\SportsStore.UnitTests.csproj", "{30764140-6DD6-425C-B67B-B88084115E81}"
EndProject
Global
	GlobalSection(SolutionConfigurationPlatforms) = preSolution
		Debug|Any CPU = Debug|Any CPU
		Release|Any CPU = Release|Any CPU
	EndGlobalSection
	GlobalSection(ProjectConfigurationPlatforms) = postSolution
		{5D625F71-5075-4CC5-9426-10DE6F901EF6}.Debug|Any CPU.ActiveCfg = Debug|Any CPU
		{5D625F71-5075-4CC5-9426-10DE6F901EF6}.Debug|Any CPU.Build.0 = Debug|Any CPU
		{5D625F71-5075-4CC5-9426-10DE6F901EF6}.Release|Any CPU.ActiveCfg = Release|Any CPU
		{5D625F71-5075-4CC5-9426-10DE6F901EF6}.Release|Any CPU.Build.0 = Release|Any CPU
		{9F1B48DC-8A41-4BC0-BE80-4E43855C071F}.Debug|Any CPU.ActiveCfg = Debug|Any CPU
		{9F1B48DC-8A41-4BC0-BE80-4E43855C071F}.Debug|Any CPU.Build.0 = Debug|Any CPU
		{9F1B48DC-8A41-4BC0-BE80-4E43855C071F}.Release|Any CPU.ActiveCfg = Release|Any CPU
		{9F1B48DC-8A41-4BC0-BE80-4E43855C071F}.Release|Any CPU.Build.0 = Release|Any CPU
		{30764140-6DD6-425C-B67B-B88084115E81}.Debug|Any CPU.ActiveCfg = Debug|Any CPU
		{30764140-6DD6-425C-B67B-B88084115E81}.Debug|Any CPU.Build.0 = Debug|Any CPU
		{30764140-6DD6-425C-B67B-B88084115E81}.Release|Any CPU.ActiveCfg = Release|Any CPU
		{30764140-6DD6-425C-B67B-B88084115E81}.Release|Any CPU.Build.0 = Release|Any CPU
	EndGlobalSection
	GlobalSection(SolutionProperties) = preSolution
		HideSolutionNode = FALSE
	EndGlobalSection
EndGlobal
